// !$*UTF8*$!
{
	archiveVersion = 1;
	classes = {
	};
	objectVersion = 56;
	objects = {

/* Begin PBXBuildFile section */
		1816AFCA2AA0E1A500F5DC57 /* .gitignore in Resources */ = {isa = PBXBuildFile; fileRef = 1816AFC92AA0E1A500F5DC57 /* .gitignore */; };
		1816AFCC2AA1394000F5DC57 /* SearchViewModel.swift in Sources */ = {isa = PBXBuildFile; fileRef = 1816AFCB2AA1394000F5DC57 /* SearchViewModel.swift */; };
		1816AFCE2AA1397000F5DC57 /* Search.swift in Sources */ = {isa = PBXBuildFile; fileRef = 1816AFCD2AA1397000F5DC57 /* Search.swift */; };
		1816AFD22AA139F800F5DC57 /* EstimatedAmountView.swift in Sources */ = {isa = PBXBuildFile; fileRef = 1816AFD12AA139F800F5DC57 /* EstimatedAmountView.swift */; };
		1816AFD42AA13A2F00F5DC57 /* SearchView.swift in Sources */ = {isa = PBXBuildFile; fileRef = 1816AFD32AA13A2F00F5DC57 /* SearchView.swift */; };
		18561F702AA13BFB00814DE8 /* PaymentView.swift in Sources */ = {isa = PBXBuildFile; fileRef = 18561F6F2AA13BFB00814DE8 /* PaymentView.swift */; };
		651751762A99941600838BA5 /* CheckUserAndDestinationView.swift in Sources */ = {isa = PBXBuildFile; fileRef = 651751752A99941600838BA5 /* CheckUserAndDestinationView.swift */; };
		651751782A9999F400838BA5 /* User.swift in Sources */ = {isa = PBXBuildFile; fileRef = 651751772A9999F400838BA5 /* User.swift */; };
		6517517A2A999A0A00838BA5 /* DestinationMockData.swift in Sources */ = {isa = PBXBuildFile; fileRef = 651751792A999A0A00838BA5 /* DestinationMockData.swift */; };
		6517517C2A999EC500838BA5 /* InputStartPointOrDestinationView.swift in Sources */ = {isa = PBXBuildFile; fileRef = 6517517B2A999EC500838BA5 /* InputStartPointOrDestinationView.swift */; };
		6517517E2A99A85600838BA5 /* Destination.swift in Sources */ = {isa = PBXBuildFile; fileRef = 6517517D2A99A85600838BA5 /* Destination.swift */; };
		651751802A99F70D00838BA5 /* DestinationViewModel.swift in Sources */ = {isa = PBXBuildFile; fileRef = 6517517F2A99F70D00838BA5 /* DestinationViewModel.swift */; };
		651751882A9A92C400838BA5 /* CheckUserAndStartPointView.swift in Sources */ = {isa = PBXBuildFile; fileRef = 651751872A9A92C400838BA5 /* CheckUserAndStartPointView.swift */; };
		6517518D2A9B147F00838BA5 /* SameStartPathView.swift in Sources */ = {isa = PBXBuildFile; fileRef = 6517518C2A9B147F00838BA5 /* SameStartPathView.swift */; };
		6517518F2A9B148D00838BA5 /* SameDestinationPathView.swift in Sources */ = {isa = PBXBuildFile; fileRef = 6517518E2A9B148D00838BA5 /* SameDestinationPathView.swift */; };
		651751982A9D2D7A00838BA5 /* Alamofire in Frameworks */ = {isa = PBXBuildFile; productRef = 651751972A9D2D7A00838BA5 /* Alamofire */; };
		65D71C672A98E6280080877D /* AppDelegate.swift in Sources */ = {isa = PBXBuildFile; fileRef = 65D71C662A98E6280080877D /* AppDelegate.swift */; };
		65D71C902A98E8EC0080877D /* map_pinup_custom@3x.png in Resources */ = {isa = PBXBuildFile; fileRef = 65D71C6B2A98E8EC0080877D /* map_pinup_custom@3x.png */; };
		65D71C912A98E8EC0080877D /* map_pin_custom.png in Resources */ = {isa = PBXBuildFile; fileRef = 65D71C6C2A98E8EC0080877D /* map_pin_custom.png */; };
		65D71C922A98E8EC0080877D /* shadow_balloon.png in Resources */ = {isa = PBXBuildFile; fileRef = 65D71C6D2A98E8EC0080877D /* shadow_balloon.png */; };
		65D71C932A98E8EC0080877D /* map_pinup.png in Resources */ = {isa = PBXBuildFile; fileRef = 65D71C6E2A98E8EC0080877D /* map_pinup.png */; };
		65D71C942A98E8EC0080877D /* detail_button.png in Resources */ = {isa = PBXBuildFile; fileRef = 65D71C6F2A98E8EC0080877D /* detail_button.png */; };
		65D71C952A98E8EC0080877D /* map_pin_custom@3x.png in Resources */ = {isa = PBXBuildFile; fileRef = 65D71C702A98E8EC0080877D /* map_pin_custom@3x.png */; };
		65D71C962A98E8EC0080877D /* map_pinup@3x.png in Resources */ = {isa = PBXBuildFile; fileRef = 65D71C712A98E8EC0080877D /* map_pinup@3x.png */; };
		65D71C972A98E8EC0080877D /* map_pin_shadow@3x.png in Resources */ = {isa = PBXBuildFile; fileRef = 65D71C722A98E8EC0080877D /* map_pin_shadow@3x.png */; };
		65D71C982A98E8EC0080877D /* copyright.png in Resources */ = {isa = PBXBuildFile; fileRef = 65D71C732A98E8EC0080877D /* copyright.png */; };
		65D71C992A98E8EC0080877D /* th_line.png in Resources */ = {isa = PBXBuildFile; fileRef = 65D71C742A98E8EC0080877D /* th_line.png */; };
		65D71C9A2A98E8EC0080877D /* map_pin_red@3x.png in Resources */ = {isa = PBXBuildFile; fileRef = 65D71C752A98E8EC0080877D /* map_pin_red@3x.png */; };
		65D71C9B2A98E8EC0080877D /* daum_copyright.png in Resources */ = {isa = PBXBuildFile; fileRef = 65D71C762A98E8EC0080877D /* daum_copyright.png */; };
		65D71C9C2A98E8EC0080877D /* map_pin@3x.png in Resources */ = {isa = PBXBuildFile; fileRef = 65D71C772A98E8EC0080877D /* map_pin@3x.png */; };
		65D71C9D2A98E8EC0080877D /* map_present_tracking.png in Resources */ = {isa = PBXBuildFile; fileRef = 65D71C782A98E8EC0080877D /* map_present_tracking.png */; };
		65D71C9E2A98E8EC0080877D /* map_pin_red.png in Resources */ = {isa = PBXBuildFile; fileRef = 65D71C792A98E8EC0080877D /* map_pin_red.png */; };
		65D71C9F2A98E8EC0080877D /* info_box.png in Resources */ = {isa = PBXBuildFile; fileRef = 65D71C832A98E8EC0080877D /* info_box.png */; };
		65D71CA02A98E8EC0080877D /* point_sprite.png in Resources */ = {isa = PBXBuildFile; fileRef = 65D71C842A98E8EC0080877D /* point_sprite.png */; };
		65D71CA12A98E8EC0080877D /* map_pinup_custom.png in Resources */ = {isa = PBXBuildFile; fileRef = 65D71C852A98E8EC0080877D /* map_pinup_custom.png */; };
		65D71CA22A98E8EC0080877D /* info_box_tail.png in Resources */ = {isa = PBXBuildFile; fileRef = 65D71C862A98E8EC0080877D /* info_box_tail.png */; };
		65D71CA32A98E8EC0080877D /* noimage256.png in Resources */ = {isa = PBXBuildFile; fileRef = 65D71C872A98E8EC0080877D /* noimage256.png */; };
		65D71CA42A98E8EC0080877D /* map_present_direction.png in Resources */ = {isa = PBXBuildFile; fileRef = 65D71C882A98E8EC0080877D /* map_present_direction.png */; };
		65D71CA52A98E8EC0080877D /* map_pin.png in Resources */ = {isa = PBXBuildFile; fileRef = 65D71C892A98E8EC0080877D /* map_pin.png */; };
		65D71CA62A98E8EC0080877D /* map_present.png in Resources */ = {isa = PBXBuildFile; fileRef = 65D71C8A2A98E8EC0080877D /* map_present.png */; };
		65D71CA72A98E8EC0080877D /* noimage.png in Resources */ = {isa = PBXBuildFile; fileRef = 65D71C8B2A98E8EC0080877D /* noimage.png */; };
		65D71CA82A98E8EC0080877D /* map_present_background_update.png in Resources */ = {isa = PBXBuildFile; fileRef = 65D71C8C2A98E8EC0080877D /* map_present_background_update.png */; };
		65D71CA92A98E8EC0080877D /* daum_th_line.png in Resources */ = {isa = PBXBuildFile; fileRef = 65D71C8D2A98E8EC0080877D /* daum_th_line.png */; };
		65D71CAA2A98E8EC0080877D /* map_pin_shadow.png in Resources */ = {isa = PBXBuildFile; fileRef = 65D71C8E2A98E8EC0080877D /* map_pin_shadow.png */; };
		65D71CAB2A98E8EC0080877D /* DaumMap.framework in Frameworks */ = {isa = PBXBuildFile; fileRef = 65D71C8F2A98E8EC0080877D /* DaumMap.framework */; };
		65D71CAE2A98E9470080877D /* OpenGLES.framework in Frameworks */ = {isa = PBXBuildFile; fileRef = 65D71CAD2A98E9470080877D /* OpenGLES.framework */; };
		65D71CB02A98E9760080877D /* SystemConfiguration.framework in Frameworks */ = {isa = PBXBuildFile; fileRef = 65D71CAF2A98E9760080877D /* SystemConfiguration.framework */; };
		65D71CB22A98E9900080877D /* CoreLocation.framework in Frameworks */ = {isa = PBXBuildFile; fileRef = 65D71CB12A98E9900080877D /* CoreLocation.framework */; };
		65D71CB42A98E9A20080877D /* QuartzCore.framework in Frameworks */ = {isa = PBXBuildFile; fileRef = 65D71CB32A98E9A20080877D /* QuartzCore.framework */; };
		65D71CB62A98E9C50080877D /* libc++.tbd in Frameworks */ = {isa = PBXBuildFile; fileRef = 65D71CB52A98E9C50080877D /* libc++.tbd */; };
		65D71CB82A98E9D10080877D /* libxml2.tbd in Frameworks */ = {isa = PBXBuildFile; fileRef = 65D71CB72A98E9D10080877D /* libxml2.tbd */; };
		65D71CBA2A98E9DA0080877D /* libsqlite3.tbd in Frameworks */ = {isa = PBXBuildFile; fileRef = 65D71CB92A98E9DA0080877D /* libsqlite3.tbd */; };
		65D71CBD2A98EC020080877D /* KakaoMapVCWarpper.swift in Sources */ = {isa = PBXBuildFile; fileRef = 65D71CBC2A98EC020080877D /* KakaoMapVCWarpper.swift */; };
		65D71CBF2A98F1380080877D /* KakaoMapWrapper.swift in Sources */ = {isa = PBXBuildFile; fileRef = 65D71CBE2A98F1380080877D /* KakaoMapWrapper.swift */; };
		65DC0C4D2A9E640C00CEAF92 /* MultipleStop.swift in Sources */ = {isa = PBXBuildFile; fileRef = 65DC0C4C2A9E640C00CEAF92 /* MultipleStop.swift */; };
		65DC0C4F2A9E641400CEAF92 /* MultipleOrigin.swift in Sources */ = {isa = PBXBuildFile; fileRef = 65DC0C4E2A9E641400CEAF92 /* MultipleOrigin.swift */; };
		65DC0C542AA04DF900CEAF92 /* APIRequest.swift in Sources */ = {isa = PBXBuildFile; fileRef = 65DC0C532AA04DF900CEAF92 /* APIRequest.swift */; };
		A9A6F5662A99C2A6008096AD /* ShareView.swift in Sources */ = {isa = PBXBuildFile; fileRef = A9A6F5652A99C2A6008096AD /* ShareView.swift */; };
		A9A6F5682A99F684008096AD /* InviteView.swift in Sources */ = {isa = PBXBuildFile; fileRef = A9A6F5672A99F684008096AD /* InviteView.swift */; };
		C23DD4D92A99C25F00C16BB3 /* TogetherOptionView.swift in Sources */ = {isa = PBXBuildFile; fileRef = C23DD4D82A99C25F00C16BB3 /* TogetherOptionView.swift */; };
		C285553C2A9A0BB500976DDF /* DepartOrArriveView.swift in Sources */ = {isa = PBXBuildFile; fileRef = C285553B2A9A0BB500976DDF /* DepartOrArriveView.swift */; };
		C285554B2A9A44A900976DDF /* ButtonModel.swift in Sources */ = {isa = PBXBuildFile; fileRef = C285554A2A9A44A900976DDF /* ButtonModel.swift */; };
		C29F5DC02A98E4B00030C110 /* ShareRideApp.swift in Sources */ = {isa = PBXBuildFile; fileRef = C29F5DBF2A98E4B00030C110 /* ShareRideApp.swift */; };
		C29F5DC42A98E4B20030C110 /* Assets.xcassets in Resources */ = {isa = PBXBuildFile; fileRef = C29F5DC32A98E4B20030C110 /* Assets.xcassets */; };
		C29F5DC72A98E4B20030C110 /* Preview Assets.xcassets in Resources */ = {isa = PBXBuildFile; fileRef = C29F5DC62A98E4B20030C110 /* Preview Assets.xcassets */; };
		C29FE61B2A9E6A2200EBBC34 /* HistoryModel.swift in Sources */ = {isa = PBXBuildFile; fileRef = C29FE61A2A9E6A2200EBBC34 /* HistoryModel.swift */; };
/* End PBXBuildFile section */

/* Begin PBXFileReference section */
		1816AFA42AA0D71300F5DC57 /* KakaoHeader.h */ = {isa = PBXFileReference; fileEncoding = 4; lastKnownFileType = sourcecode.c.h; path = KakaoHeader.h; sourceTree = "<group>"; };
		1816AFC92AA0E1A500F5DC57 /* .gitignore */ = {isa = PBXFileReference; lastKnownFileType = text; path = .gitignore; sourceTree = "<group>"; };
		1816AFCB2AA1394000F5DC57 /* SearchViewModel.swift */ = {isa = PBXFileReference; lastKnownFileType = sourcecode.swift; path = SearchViewModel.swift; sourceTree = "<group>"; };
		1816AFCD2AA1397000F5DC57 /* Search.swift */ = {isa = PBXFileReference; fileEncoding = 4; lastKnownFileType = sourcecode.swift; path = Search.swift; sourceTree = "<group>"; };
		1816AFD12AA139F800F5DC57 /* EstimatedAmountView.swift */ = {isa = PBXFileReference; fileEncoding = 4; lastKnownFileType = sourcecode.swift; path = EstimatedAmountView.swift; sourceTree = "<group>"; };
		1816AFD32AA13A2F00F5DC57 /* SearchView.swift */ = {isa = PBXFileReference; fileEncoding = 4; lastKnownFileType = sourcecode.swift; path = SearchView.swift; sourceTree = "<group>"; };
		18561F6F2AA13BFB00814DE8 /* PaymentView.swift */ = {isa = PBXFileReference; lastKnownFileType = sourcecode.swift; path = PaymentView.swift; sourceTree = "<group>"; };
		651751752A99941600838BA5 /* CheckUserAndDestinationView.swift */ = {isa = PBXFileReference; lastKnownFileType = sourcecode.swift; path = CheckUserAndDestinationView.swift; sourceTree = "<group>"; };
		651751772A9999F400838BA5 /* User.swift */ = {isa = PBXFileReference; lastKnownFileType = sourcecode.swift; path = User.swift; sourceTree = "<group>"; };
		651751792A999A0A00838BA5 /* DestinationMockData.swift */ = {isa = PBXFileReference; lastKnownFileType = sourcecode.swift; path = DestinationMockData.swift; sourceTree = "<group>"; };
		6517517B2A999EC500838BA5 /* InputStartPointOrDestinationView.swift */ = {isa = PBXFileReference; lastKnownFileType = sourcecode.swift; path = InputStartPointOrDestinationView.swift; sourceTree = "<group>"; };
		6517517D2A99A85600838BA5 /* Destination.swift */ = {isa = PBXFileReference; lastKnownFileType = sourcecode.swift; path = Destination.swift; sourceTree = "<group>"; };
		6517517F2A99F70D00838BA5 /* DestinationViewModel.swift */ = {isa = PBXFileReference; lastKnownFileType = sourcecode.swift; path = DestinationViewModel.swift; sourceTree = "<group>"; };
		651751872A9A92C400838BA5 /* CheckUserAndStartPointView.swift */ = {isa = PBXFileReference; lastKnownFileType = sourcecode.swift; path = CheckUserAndStartPointView.swift; sourceTree = "<group>"; };
		6517518C2A9B147F00838BA5 /* SameStartPathView.swift */ = {isa = PBXFileReference; lastKnownFileType = sourcecode.swift; path = SameStartPathView.swift; sourceTree = "<group>"; };
		6517518E2A9B148D00838BA5 /* SameDestinationPathView.swift */ = {isa = PBXFileReference; lastKnownFileType = sourcecode.swift; path = SameDestinationPathView.swift; sourceTree = "<group>"; };
		65D71C662A98E6280080877D /* AppDelegate.swift */ = {isa = PBXFileReference; lastKnownFileType = sourcecode.swift; path = AppDelegate.swift; sourceTree = "<group>"; };
		65D71C682A98E7510080877D /* Info.plist */ = {isa = PBXFileReference; lastKnownFileType = text.plist; path = Info.plist; sourceTree = "<group>"; };
		65D71C6B2A98E8EC0080877D /* map_pinup_custom@3x.png */ = {isa = PBXFileReference; lastKnownFileType = image.png; path = "map_pinup_custom@3x.png"; sourceTree = "<group>"; };
		65D71C6C2A98E8EC0080877D /* map_pin_custom.png */ = {isa = PBXFileReference; lastKnownFileType = image.png; path = map_pin_custom.png; sourceTree = "<group>"; };
		65D71C6D2A98E8EC0080877D /* shadow_balloon.png */ = {isa = PBXFileReference; lastKnownFileType = image.png; path = shadow_balloon.png; sourceTree = "<group>"; };
		65D71C6E2A98E8EC0080877D /* map_pinup.png */ = {isa = PBXFileReference; lastKnownFileType = image.png; path = map_pinup.png; sourceTree = "<group>"; };
		65D71C6F2A98E8EC0080877D /* detail_button.png */ = {isa = PBXFileReference; lastKnownFileType = image.png; path = detail_button.png; sourceTree = "<group>"; };
		65D71C702A98E8EC0080877D /* map_pin_custom@3x.png */ = {isa = PBXFileReference; lastKnownFileType = image.png; path = "map_pin_custom@3x.png"; sourceTree = "<group>"; };
		65D71C712A98E8EC0080877D /* map_pinup@3x.png */ = {isa = PBXFileReference; lastKnownFileType = image.png; path = "map_pinup@3x.png"; sourceTree = "<group>"; };
		65D71C722A98E8EC0080877D /* map_pin_shadow@3x.png */ = {isa = PBXFileReference; lastKnownFileType = image.png; path = "map_pin_shadow@3x.png"; sourceTree = "<group>"; };
		65D71C732A98E8EC0080877D /* copyright.png */ = {isa = PBXFileReference; lastKnownFileType = image.png; path = copyright.png; sourceTree = "<group>"; };
		65D71C742A98E8EC0080877D /* th_line.png */ = {isa = PBXFileReference; lastKnownFileType = image.png; path = th_line.png; sourceTree = "<group>"; };
		65D71C752A98E8EC0080877D /* map_pin_red@3x.png */ = {isa = PBXFileReference; lastKnownFileType = image.png; path = "map_pin_red@3x.png"; sourceTree = "<group>"; };
		65D71C762A98E8EC0080877D /* daum_copyright.png */ = {isa = PBXFileReference; lastKnownFileType = image.png; path = daum_copyright.png; sourceTree = "<group>"; };
		65D71C772A98E8EC0080877D /* map_pin@3x.png */ = {isa = PBXFileReference; lastKnownFileType = image.png; path = "map_pin@3x.png"; sourceTree = "<group>"; };
		65D71C782A98E8EC0080877D /* map_present_tracking.png */ = {isa = PBXFileReference; lastKnownFileType = image.png; path = map_present_tracking.png; sourceTree = "<group>"; };
		65D71C792A98E8EC0080877D /* map_pin_red.png */ = {isa = PBXFileReference; lastKnownFileType = image.png; path = map_pin_red.png; sourceTree = "<group>"; };
		65D71C7B2A98E8EC0080877D /* MTMapPOIItem.h */ = {isa = PBXFileReference; fileEncoding = 4; lastKnownFileType = sourcecode.c.h; path = MTMapPOIItem.h; sourceTree = "<group>"; };
		65D71C7C2A98E8EC0080877D /* MTMapCameraUpdate.h */ = {isa = PBXFileReference; fileEncoding = 4; lastKnownFileType = sourcecode.c.h; path = MTMapCameraUpdate.h; sourceTree = "<group>"; };
		65D71C7D2A98E8EC0080877D /* MTMapReverseGeoCoder.h */ = {isa = PBXFileReference; fileEncoding = 4; lastKnownFileType = sourcecode.c.h; path = MTMapReverseGeoCoder.h; sourceTree = "<group>"; };
		65D71C7E2A98E8EC0080877D /* MTMapPolyline.h */ = {isa = PBXFileReference; fileEncoding = 4; lastKnownFileType = sourcecode.c.h; path = MTMapPolyline.h; sourceTree = "<group>"; };
		65D71C7F2A98E8EC0080877D /* MTMapLocationMarkerItem.h */ = {isa = PBXFileReference; fileEncoding = 4; lastKnownFileType = sourcecode.c.h; path = MTMapLocationMarkerItem.h; sourceTree = "<group>"; };
		65D71C802A98E8EC0080877D /* MTMapView.h */ = {isa = PBXFileReference; fileEncoding = 4; lastKnownFileType = sourcecode.c.h; path = MTMapView.h; sourceTree = "<group>"; };
		65D71C812A98E8EC0080877D /* MTMapGeometry.h */ = {isa = PBXFileReference; fileEncoding = 4; lastKnownFileType = sourcecode.c.h; path = MTMapGeometry.h; sourceTree = "<group>"; };
		65D71C822A98E8EC0080877D /* MTMapCircle.h */ = {isa = PBXFileReference; fileEncoding = 4; lastKnownFileType = sourcecode.c.h; path = MTMapCircle.h; sourceTree = "<group>"; };
		65D71C832A98E8EC0080877D /* info_box.png */ = {isa = PBXFileReference; lastKnownFileType = image.png; path = info_box.png; sourceTree = "<group>"; };
		65D71C842A98E8EC0080877D /* point_sprite.png */ = {isa = PBXFileReference; lastKnownFileType = image.png; path = point_sprite.png; sourceTree = "<group>"; };
		65D71C852A98E8EC0080877D /* map_pinup_custom.png */ = {isa = PBXFileReference; lastKnownFileType = image.png; path = map_pinup_custom.png; sourceTree = "<group>"; };
		65D71C862A98E8EC0080877D /* info_box_tail.png */ = {isa = PBXFileReference; lastKnownFileType = image.png; path = info_box_tail.png; sourceTree = "<group>"; };
		65D71C872A98E8EC0080877D /* noimage256.png */ = {isa = PBXFileReference; lastKnownFileType = image.png; path = noimage256.png; sourceTree = "<group>"; };
		65D71C882A98E8EC0080877D /* map_present_direction.png */ = {isa = PBXFileReference; lastKnownFileType = image.png; path = map_present_direction.png; sourceTree = "<group>"; };
		65D71C892A98E8EC0080877D /* map_pin.png */ = {isa = PBXFileReference; lastKnownFileType = image.png; path = map_pin.png; sourceTree = "<group>"; };
		65D71C8A2A98E8EC0080877D /* map_present.png */ = {isa = PBXFileReference; lastKnownFileType = image.png; path = map_present.png; sourceTree = "<group>"; };
		65D71C8B2A98E8EC0080877D /* noimage.png */ = {isa = PBXFileReference; lastKnownFileType = image.png; path = noimage.png; sourceTree = "<group>"; };
		65D71C8C2A98E8EC0080877D /* map_present_background_update.png */ = {isa = PBXFileReference; lastKnownFileType = image.png; path = map_present_background_update.png; sourceTree = "<group>"; };
		65D71C8D2A98E8EC0080877D /* daum_th_line.png */ = {isa = PBXFileReference; lastKnownFileType = image.png; path = daum_th_line.png; sourceTree = "<group>"; };
		65D71C8E2A98E8EC0080877D /* map_pin_shadow.png */ = {isa = PBXFileReference; lastKnownFileType = image.png; path = map_pin_shadow.png; sourceTree = "<group>"; };
		65D71C8F2A98E8EC0080877D /* DaumMap.framework */ = {isa = PBXFileReference; lastKnownFileType = wrapper.framework; path = DaumMap.framework; sourceTree = "<group>"; };
		65D71CAD2A98E9470080877D /* OpenGLES.framework */ = {isa = PBXFileReference; lastKnownFileType = wrapper.framework; name = OpenGLES.framework; path = System/Library/Frameworks/OpenGLES.framework; sourceTree = SDKROOT; };
		65D71CAF2A98E9760080877D /* SystemConfiguration.framework */ = {isa = PBXFileReference; lastKnownFileType = wrapper.framework; name = SystemConfiguration.framework; path = System/Library/Frameworks/SystemConfiguration.framework; sourceTree = SDKROOT; };
		65D71CB12A98E9900080877D /* CoreLocation.framework */ = {isa = PBXFileReference; lastKnownFileType = wrapper.framework; name = CoreLocation.framework; path = System/Library/Frameworks/CoreLocation.framework; sourceTree = SDKROOT; };
		65D71CB32A98E9A20080877D /* QuartzCore.framework */ = {isa = PBXFileReference; lastKnownFileType = wrapper.framework; name = QuartzCore.framework; path = System/Library/Frameworks/QuartzCore.framework; sourceTree = SDKROOT; };
		65D71CB52A98E9C50080877D /* libc++.tbd */ = {isa = PBXFileReference; lastKnownFileType = "sourcecode.text-based-dylib-definition"; name = "libc++.tbd"; path = "usr/lib/libc++.tbd"; sourceTree = SDKROOT; };
		65D71CB72A98E9D10080877D /* libxml2.tbd */ = {isa = PBXFileReference; lastKnownFileType = "sourcecode.text-based-dylib-definition"; name = libxml2.tbd; path = usr/lib/libxml2.tbd; sourceTree = SDKROOT; };
		65D71CB92A98E9DA0080877D /* libsqlite3.tbd */ = {isa = PBXFileReference; lastKnownFileType = "sourcecode.text-based-dylib-definition"; name = libsqlite3.tbd; path = usr/lib/libsqlite3.tbd; sourceTree = SDKROOT; };
		65D71CBC2A98EC020080877D /* KakaoMapVCWarpper.swift */ = {isa = PBXFileReference; lastKnownFileType = sourcecode.swift; path = KakaoMapVCWarpper.swift; sourceTree = "<group>"; };
		65D71CBE2A98F1380080877D /* KakaoMapWrapper.swift */ = {isa = PBXFileReference; lastKnownFileType = sourcecode.swift; path = KakaoMapWrapper.swift; sourceTree = "<group>"; };
		65DC0C4C2A9E640C00CEAF92 /* MultipleStop.swift */ = {isa = PBXFileReference; lastKnownFileType = sourcecode.swift; path = MultipleStop.swift; sourceTree = "<group>"; };
		65DC0C4E2A9E641400CEAF92 /* MultipleOrigin.swift */ = {isa = PBXFileReference; lastKnownFileType = sourcecode.swift; path = MultipleOrigin.swift; sourceTree = "<group>"; };
		65DC0C532AA04DF900CEAF92 /* APIRequest.swift */ = {isa = PBXFileReference; lastKnownFileType = sourcecode.swift; path = APIRequest.swift; sourceTree = "<group>"; };
		A9A6F5652A99C2A6008096AD /* ShareView.swift */ = {isa = PBXFileReference; lastKnownFileType = sourcecode.swift; path = ShareView.swift; sourceTree = "<group>"; };
		A9A6F5672A99F684008096AD /* InviteView.swift */ = {isa = PBXFileReference; lastKnownFileType = sourcecode.swift; path = InviteView.swift; sourceTree = "<group>"; };
		C23DD4D82A99C25F00C16BB3 /* TogetherOptionView.swift */ = {isa = PBXFileReference; lastKnownFileType = sourcecode.swift; path = TogetherOptionView.swift; sourceTree = "<group>"; };
		C285553B2A9A0BB500976DDF /* DepartOrArriveView.swift */ = {isa = PBXFileReference; lastKnownFileType = sourcecode.swift; path = DepartOrArriveView.swift; sourceTree = "<group>"; };
		C285554A2A9A44A900976DDF /* ButtonModel.swift */ = {isa = PBXFileReference; lastKnownFileType = sourcecode.swift; path = ButtonModel.swift; sourceTree = "<group>"; };
		C29F5DBC2A98E4B00030C110 /* ShareRide.app */ = {isa = PBXFileReference; explicitFileType = wrapper.application; includeInIndex = 0; path = ShareRide.app; sourceTree = BUILT_PRODUCTS_DIR; };
		C29F5DBF2A98E4B00030C110 /* ShareRideApp.swift */ = {isa = PBXFileReference; lastKnownFileType = sourcecode.swift; path = ShareRideApp.swift; sourceTree = "<group>"; };
		C29F5DC32A98E4B20030C110 /* Assets.xcassets */ = {isa = PBXFileReference; lastKnownFileType = folder.assetcatalog; path = Assets.xcassets; sourceTree = "<group>"; };
		C29F5DC62A98E4B20030C110 /* Preview Assets.xcassets */ = {isa = PBXFileReference; lastKnownFileType = folder.assetcatalog; path = "Preview Assets.xcassets"; sourceTree = "<group>"; };
		C29FE61A2A9E6A2200EBBC34 /* HistoryModel.swift */ = {isa = PBXFileReference; lastKnownFileType = sourcecode.swift; path = HistoryModel.swift; sourceTree = "<group>"; };
/* End PBXFileReference section */

/* Begin PBXFrameworksBuildPhase section */
		C29F5DB92A98E4B00030C110 /* Frameworks */ = {
			isa = PBXFrameworksBuildPhase;
			buildActionMask = 2147483647;
			files = (
				651751982A9D2D7A00838BA5 /* Alamofire in Frameworks */,
				65D71CBA2A98E9DA0080877D /* libsqlite3.tbd in Frameworks */,
				65D71CB82A98E9D10080877D /* libxml2.tbd in Frameworks */,
				65D71CB62A98E9C50080877D /* libc++.tbd in Frameworks */,
				65D71CB42A98E9A20080877D /* QuartzCore.framework in Frameworks */,
				65D71CB22A98E9900080877D /* CoreLocation.framework in Frameworks */,
				65D71CB02A98E9760080877D /* SystemConfiguration.framework in Frameworks */,
				65D71CAE2A98E9470080877D /* OpenGLES.framework in Frameworks */,
				65D71CAB2A98E8EC0080877D /* DaumMap.framework in Frameworks */,
			);
			runOnlyForDeploymentPostprocessing = 0;
		};
/* End PBXFrameworksBuildPhase section */

/* Begin PBXGroup section */
		18561F6E2AA13BD200814DE8 /* Payment */ = {
			isa = PBXGroup;
			children = (
				18561F6F2AA13BFB00814DE8 /* PaymentView.swift */,
			);
			path = Payment;
			sourceTree = "<group>";
		};
		651751842A9A925400838BA5 /* MockData */ = {
			isa = PBXGroup;
			children = (
				651751792A999A0A00838BA5 /* DestinationMockData.swift */,
			);
			path = MockData;
			sourceTree = "<group>";
		};
		6517518B2A9B134500838BA5 /* StartAndDestination */ = {
			isa = PBXGroup;
			children = (
				6517517B2A999EC500838BA5 /* InputStartPointOrDestinationView.swift */,
				651751752A99941600838BA5 /* CheckUserAndDestinationView.swift */,
				651751872A9A92C400838BA5 /* CheckUserAndStartPointView.swift */,
			);
			path = StartAndDestination;
			sourceTree = "<group>";
		};
		65D71C602A98E5DB0080877D /* View */ = {
			isa = PBXGroup;
			children = (
				18561F6E2AA13BD200814DE8 /* Payment */,
				6517518B2A9B134500838BA5 /* StartAndDestination */,
				65D71CC42A9988CD0080877D /* OptimumPath */,
				C23DD4D72A99C1F100C16BB3 /* StartPoint */,
			);
			path = View;
			sourceTree = "<group>";
		};
		65D71C622A98E5E60080877D /* Model */ = {
			isa = PBXGroup;
			children = (
				651751772A9999F400838BA5 /* User.swift */,
				6517517D2A99A85600838BA5 /* Destination.swift */,
				65DC0C4C2A9E640C00CEAF92 /* MultipleStop.swift */,
				65DC0C4E2A9E641400CEAF92 /* MultipleOrigin.swift */,
				1816AFCD2AA1397000F5DC57 /* Search.swift */,
			);
			path = Model;
			sourceTree = "<group>";
		};
		65D71C632A98E5ED0080877D /* ViewModel */ = {
			isa = PBXGroup;
			children = (
				6517517F2A99F70D00838BA5 /* DestinationViewModel.swift */,
				1816AFCB2AA1394000F5DC57 /* SearchViewModel.swift */,
			);
			path = ViewModel;
			sourceTree = "<group>";
		};
		65D71C692A98E8EC0080877D /* DaumMap.embeddedframework */ = {
			isa = PBXGroup;
			children = (
				65D71C6A2A98E8EC0080877D /* Resources */,
				65D71C8F2A98E8EC0080877D /* DaumMap.framework */,
			);
			path = DaumMap.embeddedframework;
			sourceTree = "<group>";
		};
		65D71C6A2A98E8EC0080877D /* Resources */ = {
			isa = PBXGroup;
			children = (
				65D71C6B2A98E8EC0080877D /* map_pinup_custom@3x.png */,
				65D71C6C2A98E8EC0080877D /* map_pin_custom.png */,
				65D71C6D2A98E8EC0080877D /* shadow_balloon.png */,
				65D71C6E2A98E8EC0080877D /* map_pinup.png */,
				65D71C6F2A98E8EC0080877D /* detail_button.png */,
				65D71C702A98E8EC0080877D /* map_pin_custom@3x.png */,
				65D71C712A98E8EC0080877D /* map_pinup@3x.png */,
				65D71C722A98E8EC0080877D /* map_pin_shadow@3x.png */,
				65D71C732A98E8EC0080877D /* copyright.png */,
				65D71C742A98E8EC0080877D /* th_line.png */,
				65D71C752A98E8EC0080877D /* map_pin_red@3x.png */,
				65D71C762A98E8EC0080877D /* daum_copyright.png */,
				65D71C772A98E8EC0080877D /* map_pin@3x.png */,
				65D71C782A98E8EC0080877D /* map_present_tracking.png */,
				65D71C792A98E8EC0080877D /* map_pin_red.png */,
				65D71C7A2A98E8EC0080877D /* Headers */,
				65D71C832A98E8EC0080877D /* info_box.png */,
				65D71C842A98E8EC0080877D /* point_sprite.png */,
				65D71C852A98E8EC0080877D /* map_pinup_custom.png */,
				65D71C862A98E8EC0080877D /* info_box_tail.png */,
				65D71C872A98E8EC0080877D /* noimage256.png */,
				65D71C882A98E8EC0080877D /* map_present_direction.png */,
				65D71C892A98E8EC0080877D /* map_pin.png */,
				65D71C8A2A98E8EC0080877D /* map_present.png */,
				65D71C8B2A98E8EC0080877D /* noimage.png */,
				65D71C8C2A98E8EC0080877D /* map_present_background_update.png */,
				65D71C8D2A98E8EC0080877D /* daum_th_line.png */,
				65D71C8E2A98E8EC0080877D /* map_pin_shadow.png */,
			);
			path = Resources;
			sourceTree = "<group>";
		};
		65D71C7A2A98E8EC0080877D /* Headers */ = {
			isa = PBXGroup;
			children = (
				65D71C7B2A98E8EC0080877D /* MTMapPOIItem.h */,
				65D71C7C2A98E8EC0080877D /* MTMapCameraUpdate.h */,
				65D71C7D2A98E8EC0080877D /* MTMapReverseGeoCoder.h */,
				65D71C7E2A98E8EC0080877D /* MTMapPolyline.h */,
				65D71C7F2A98E8EC0080877D /* MTMapLocationMarkerItem.h */,
				65D71C802A98E8EC0080877D /* MTMapView.h */,
				65D71C812A98E8EC0080877D /* MTMapGeometry.h */,
				65D71C822A98E8EC0080877D /* MTMapCircle.h */,
			);
			path = Headers;
			sourceTree = "<group>";
		};
		65D71CAC2A98E9470080877D /* Frameworks */ = {
			isa = PBXGroup;
			children = (
				65D71CB92A98E9DA0080877D /* libsqlite3.tbd */,
				65D71CB72A98E9D10080877D /* libxml2.tbd */,
				65D71CB52A98E9C50080877D /* libc++.tbd */,
				65D71CB32A98E9A20080877D /* QuartzCore.framework */,
				65D71CB12A98E9900080877D /* CoreLocation.framework */,
				65D71CAF2A98E9760080877D /* SystemConfiguration.framework */,
				65D71CAD2A98E9470080877D /* OpenGLES.framework */,
			);
			name = Frameworks;
			sourceTree = "<group>";
		};
		65D71CC42A9988CD0080877D /* OptimumPath */ = {
			isa = PBXGroup;
			children = (
				6517518C2A9B147F00838BA5 /* SameStartPathView.swift */,
				6517518E2A9B148D00838BA5 /* SameDestinationPathView.swift */,
				1816AFD12AA139F800F5DC57 /* EstimatedAmountView.swift */,
			);
			path = OptimumPath;
			sourceTree = "<group>";
		};
		65DC0C522AA04DEF00CEAF92 /* Service */ = {
			isa = PBXGroup;
			children = (
				65DC0C532AA04DF900CEAF92 /* APIRequest.swift */,
			);
			path = Service;
			sourceTree = "<group>";
		};
		A9A6F5642A99C28B008096AD /* Share */ = {
			isa = PBXGroup;
			children = (
				A9A6F5652A99C2A6008096AD /* ShareView.swift */,
				A9A6F5672A99F684008096AD /* InviteView.swift */,
			);
			path = Share;
			sourceTree = "<group>";
		};
		C23DD4D72A99C1F100C16BB3 /* StartPoint */ = {
			isa = PBXGroup;
			children = (
				C23DD4D82A99C25F00C16BB3 /* TogetherOptionView.swift */,
				C285553B2A9A0BB500976DDF /* DepartOrArriveView.swift */,
				1816AFD32AA13A2F00F5DC57 /* SearchView.swift */,
				C285554A2A9A44A900976DDF /* ButtonModel.swift */,
				C29FE61A2A9E6A2200EBBC34 /* HistoryModel.swift */,
			);
			path = StartPoint;
			sourceTree = "<group>";
		};
		C29F5DB32A98E4B00030C110 = {
			isa = PBXGroup;
			children = (
				1816AFC92AA0E1A500F5DC57 /* .gitignore */,
				C29F5DBE2A98E4B00030C110 /* ShareRide */,
				C29F5DBD2A98E4B00030C110 /* Products */,
				65D71CAC2A98E9470080877D /* Frameworks */,
			);
			sourceTree = "<group>";
		};
		C29F5DBD2A98E4B00030C110 /* Products */ = {
			isa = PBXGroup;
			children = (
				C29F5DBC2A98E4B00030C110 /* ShareRide.app */,
			);
			name = Products;
			sourceTree = "<group>";
		};
		C29F5DBE2A98E4B00030C110 /* ShareRide */ = {
			isa = PBXGroup;
			children = (
				65DC0C522AA04DEF00CEAF92 /* Service */,
				65D71C682A98E7510080877D /* Info.plist */,
				1816AFA42AA0D71300F5DC57 /* KakaoHeader.h */,
				651751842A9A925400838BA5 /* MockData */,
				65D71C632A98E5ED0080877D /* ViewModel */,
				65D71C622A98E5E60080877D /* Model */,
				65D71C602A98E5DB0080877D /* View */,
				A9A6F5642A99C28B008096AD /* Share */,
				C29F5DBF2A98E4B00030C110 /* ShareRideApp.swift */,
				C29F5DC32A98E4B20030C110 /* Assets.xcassets */,
				C29F5DC52A98E4B20030C110 /* Preview Content */,
				65D71C662A98E6280080877D /* AppDelegate.swift */,
				65D71C692A98E8EC0080877D /* DaumMap.embeddedframework */,
				65D71CBC2A98EC020080877D /* KakaoMapVCWarpper.swift */,
				65D71CBE2A98F1380080877D /* KakaoMapWrapper.swift */,
			);
			path = ShareRide;
			sourceTree = "<group>";
		};
		C29F5DC52A98E4B20030C110 /* Preview Content */ = {
			isa = PBXGroup;
			children = (
				C29F5DC62A98E4B20030C110 /* Preview Assets.xcassets */,
			);
			path = "Preview Content";
			sourceTree = "<group>";
		};
/* End PBXGroup section */

/* Begin PBXNativeTarget section */
		C29F5DBB2A98E4B00030C110 /* ShareRide */ = {
			isa = PBXNativeTarget;
			buildConfigurationList = C29F5DCA2A98E4B20030C110 /* Build configuration list for PBXNativeTarget "ShareRide" */;
			buildPhases = (
				C29F5DB82A98E4B00030C110 /* Sources */,
				C29F5DB92A98E4B00030C110 /* Frameworks */,
				C29F5DBA2A98E4B00030C110 /* Resources */,
			);
			buildRules = (
			);
			dependencies = (
			);
			name = ShareRide;
			packageProductDependencies = (
				651751972A9D2D7A00838BA5 /* Alamofire */,
			);
			productName = ShareRide;
			productReference = C29F5DBC2A98E4B00030C110 /* ShareRide.app */;
			productType = "com.apple.product-type.application";
		};
/* End PBXNativeTarget section */

/* Begin PBXProject section */
		C29F5DB42A98E4B00030C110 /* Project object */ = {
			isa = PBXProject;
			attributes = {
				BuildIndependentTargetsInParallel = 1;
				LastSwiftUpdateCheck = 1430;
				LastUpgradeCheck = 1430;
				TargetAttributes = {
					C29F5DBB2A98E4B00030C110 = {
						CreatedOnToolsVersion = 14.3.1;
					};
				};
			};
			buildConfigurationList = C29F5DB72A98E4B00030C110 /* Build configuration list for PBXProject "ShareRide" */;
			compatibilityVersion = "Xcode 14.0";
			developmentRegion = en;
			hasScannedForEncodings = 0;
			knownRegions = (
				en,
				Base,
			);
			mainGroup = C29F5DB32A98E4B00030C110;
			packageReferences = (
				651751962A9D2D7A00838BA5 /* XCRemoteSwiftPackageReference "Alamofire" */,
			);
			productRefGroup = C29F5DBD2A98E4B00030C110 /* Products */;
			projectDirPath = "";
			projectRoot = "";
			targets = (
				C29F5DBB2A98E4B00030C110 /* ShareRide */,
			);
		};
/* End PBXProject section */

/* Begin PBXResourcesBuildPhase section */
		C29F5DBA2A98E4B00030C110 /* Resources */ = {
			isa = PBXResourcesBuildPhase;
			buildActionMask = 2147483647;
			files = (
				65D71CA22A98E8EC0080877D /* info_box_tail.png in Resources */,
				65D71C972A98E8EC0080877D /* map_pin_shadow@3x.png in Resources */,
				65D71CA52A98E8EC0080877D /* map_pin.png in Resources */,
				65D71C9E2A98E8EC0080877D /* map_pin_red.png in Resources */,
				65D71C962A98E8EC0080877D /* map_pinup@3x.png in Resources */,
				65D71CA02A98E8EC0080877D /* point_sprite.png in Resources */,
				65D71C9C2A98E8EC0080877D /* map_pin@3x.png in Resources */,
				65D71CA32A98E8EC0080877D /* noimage256.png in Resources */,
				65D71CA62A98E8EC0080877D /* map_present.png in Resources */,
				65D71C9B2A98E8EC0080877D /* daum_copyright.png in Resources */,
				1816AFCA2AA0E1A500F5DC57 /* .gitignore in Resources */,
				65D71C982A98E8EC0080877D /* copyright.png in Resources */,
				65D71C922A98E8EC0080877D /* shadow_balloon.png in Resources */,
				65D71C952A98E8EC0080877D /* map_pin_custom@3x.png in Resources */,
				65D71C992A98E8EC0080877D /* th_line.png in Resources */,
				65D71CA12A98E8EC0080877D /* map_pinup_custom.png in Resources */,
				C29F5DC72A98E4B20030C110 /* Preview Assets.xcassets in Resources */,
				65D71CA92A98E8EC0080877D /* daum_th_line.png in Resources */,
				65D71C902A98E8EC0080877D /* map_pinup_custom@3x.png in Resources */,
				C29F5DC42A98E4B20030C110 /* Assets.xcassets in Resources */,
				65D71C9D2A98E8EC0080877D /* map_present_tracking.png in Resources */,
				65D71CAA2A98E8EC0080877D /* map_pin_shadow.png in Resources */,
				65D71CA42A98E8EC0080877D /* map_present_direction.png in Resources */,
				65D71CA82A98E8EC0080877D /* map_present_background_update.png in Resources */,
				65D71C942A98E8EC0080877D /* detail_button.png in Resources */,
				65D71C9A2A98E8EC0080877D /* map_pin_red@3x.png in Resources */,
				65D71CA72A98E8EC0080877D /* noimage.png in Resources */,
				65D71C9F2A98E8EC0080877D /* info_box.png in Resources */,
				65D71C912A98E8EC0080877D /* map_pin_custom.png in Resources */,
				65D71C932A98E8EC0080877D /* map_pinup.png in Resources */,
			);
			runOnlyForDeploymentPostprocessing = 0;
		};
/* End PBXResourcesBuildPhase section */

/* Begin PBXSourcesBuildPhase section */
		C29F5DB82A98E4B00030C110 /* Sources */ = {
			isa = PBXSourcesBuildPhase;
			buildActionMask = 2147483647;
			files = (
				A9A6F5662A99C2A6008096AD /* ShareView.swift in Sources */,
				65D71C672A98E6280080877D /* AppDelegate.swift in Sources */,
				65D71CBD2A98EC020080877D /* KakaoMapVCWarpper.swift in Sources */,
				6517517E2A99A85600838BA5 /* Destination.swift in Sources */,
				6517517A2A999A0A00838BA5 /* DestinationMockData.swift in Sources */,
				6517518D2A9B147F00838BA5 /* SameStartPathView.swift in Sources */,
				C29FE61B2A9E6A2200EBBC34 /* HistoryModel.swift in Sources */,
				651751762A99941600838BA5 /* CheckUserAndDestinationView.swift in Sources */,
				65DC0C4D2A9E640C00CEAF92 /* MultipleStop.swift in Sources */,
				6517518F2A9B148D00838BA5 /* SameDestinationPathView.swift in Sources */,
				6517517C2A999EC500838BA5 /* InputStartPointOrDestinationView.swift in Sources */,
				65D71CBF2A98F1380080877D /* KakaoMapWrapper.swift in Sources */,
				651751802A99F70D00838BA5 /* DestinationViewModel.swift in Sources */,
				1816AFCE2AA1397000F5DC57 /* Search.swift in Sources */,
				A9A6F5682A99F684008096AD /* InviteView.swift in Sources */,
				C29F5DC02A98E4B00030C110 /* ShareRideApp.swift in Sources */,
				651751882A9A92C400838BA5 /* CheckUserAndStartPointView.swift in Sources */,
				651751782A9999F400838BA5 /* User.swift in Sources */,
				65DC0C4F2A9E641400CEAF92 /* MultipleOrigin.swift in Sources */,
				18561F702AA13BFB00814DE8 /* PaymentView.swift in Sources */,
				1816AFD42AA13A2F00F5DC57 /* SearchView.swift in Sources */,
				1816AFD22AA139F800F5DC57 /* EstimatedAmountView.swift in Sources */,
				C285554B2A9A44A900976DDF /* ButtonModel.swift in Sources */,
				1816AFCC2AA1394000F5DC57 /* SearchViewModel.swift in Sources */,
				C285553C2A9A0BB500976DDF /* DepartOrArriveView.swift in Sources */,
				65DC0C542AA04DF900CEAF92 /* APIRequest.swift in Sources */,
				C23DD4D92A99C25F00C16BB3 /* TogetherOptionView.swift in Sources */,
			);
			runOnlyForDeploymentPostprocessing = 0;
		};
/* End PBXSourcesBuildPhase section */

/* Begin XCBuildConfiguration section */
		C29F5DC82A98E4B20030C110 /* Debug */ = {
			isa = XCBuildConfiguration;
			buildSettings = {
				ALWAYS_SEARCH_USER_PATHS = NO;
				CLANG_ANALYZER_NONNULL = YES;
				CLANG_ANALYZER_NUMBER_OBJECT_CONVERSION = YES_AGGRESSIVE;
				CLANG_CXX_LANGUAGE_STANDARD = "gnu++20";
				CLANG_ENABLE_MODULES = YES;
				CLANG_ENABLE_OBJC_ARC = NO;
				CLANG_ENABLE_OBJC_WEAK = YES;
				CLANG_OPTIMIZATION_PROFILE_FILE = "";
				CLANG_WARN_BLOCK_CAPTURE_AUTORELEASING = YES;
				CLANG_WARN_BOOL_CONVERSION = YES;
				CLANG_WARN_COMMA = YES;
				CLANG_WARN_CONSTANT_CONVERSION = YES;
				CLANG_WARN_DEPRECATED_OBJC_IMPLEMENTATIONS = YES;
				CLANG_WARN_DIRECT_OBJC_ISA_USAGE = YES_ERROR;
				CLANG_WARN_DOCUMENTATION_COMMENTS = YES;
				CLANG_WARN_EMPTY_BODY = YES;
				CLANG_WARN_ENUM_CONVERSION = YES;
				CLANG_WARN_INFINITE_RECURSION = YES;
				CLANG_WARN_INT_CONVERSION = YES;
				CLANG_WARN_NON_LITERAL_NULL_CONVERSION = YES;
				CLANG_WARN_OBJC_IMPLICIT_RETAIN_SELF = YES;
				CLANG_WARN_OBJC_LITERAL_CONVERSION = YES;
				CLANG_WARN_OBJC_ROOT_CLASS = YES_ERROR;
				CLANG_WARN_QUOTED_INCLUDE_IN_FRAMEWORK_HEADER = YES;
				CLANG_WARN_RANGE_LOOP_ANALYSIS = YES;
				CLANG_WARN_STRICT_PROTOTYPES = YES;
				CLANG_WARN_SUSPICIOUS_MOVE = YES;
				CLANG_WARN_UNGUARDED_AVAILABILITY = YES_AGGRESSIVE;
				CLANG_WARN_UNREACHABLE_CODE = YES;
				CLANG_WARN__DUPLICATE_METHOD_MATCH = YES;
				COPY_PHASE_STRIP = NO;
				DEBUG_INFORMATION_FORMAT = dwarf;
				ENABLE_STRICT_OBJC_MSGSEND = YES;
				ENABLE_TESTABILITY = YES;
				"EXCLUDED_ARCHS[sdk=iphonesimulator*]" = arm64;
				GCC_C_LANGUAGE_STANDARD = gnu11;
				GCC_DYNAMIC_NO_PIC = NO;
				GCC_NO_COMMON_BLOCKS = YES;
				GCC_OPTIMIZATION_LEVEL = 0;
				GCC_PREPROCESSOR_DEFINITIONS = (
					"DEBUG=1",
					"$(inherited)",
				);
				GCC_WARN_64_TO_32_BIT_CONVERSION = YES;
				GCC_WARN_ABOUT_RETURN_TYPE = YES_ERROR;
				GCC_WARN_UNDECLARED_SELECTOR = YES;
				GCC_WARN_UNINITIALIZED_AUTOS = YES_AGGRESSIVE;
				GCC_WARN_UNUSED_FUNCTION = YES;
				GCC_WARN_UNUSED_VARIABLE = YES;
				IPHONEOS_DEPLOYMENT_TARGET = 16.0;
				MTL_ENABLE_DEBUG_INFO = INCLUDE_SOURCE;
				MTL_FAST_MATH = YES;
				ONLY_ACTIVE_ARCH = YES;
				SDKROOT = iphoneos;
				SWIFT_ACTIVE_COMPILATION_CONDITIONS = DEBUG;
				SWIFT_OBJC_BRIDGING_HEADER = "/Users/yerim/Desktop/FutureWheeless-ShareRide/FutureWheeless-ShareRide/KakaoHeader.h";
				SWIFT_OPTIMIZATION_LEVEL = "-Onone";
			};
			name = Debug;
		};
		C29F5DC92A98E4B20030C110 /* Release */ = {
			isa = XCBuildConfiguration;
			buildSettings = {
				ALWAYS_SEARCH_USER_PATHS = NO;
				CLANG_ANALYZER_NONNULL = YES;
				CLANG_ANALYZER_NUMBER_OBJECT_CONVERSION = YES_AGGRESSIVE;
				CLANG_CXX_LANGUAGE_STANDARD = "gnu++20";
				CLANG_ENABLE_MODULES = YES;
				CLANG_ENABLE_OBJC_ARC = NO;
				CLANG_ENABLE_OBJC_WEAK = YES;
				CLANG_OPTIMIZATION_PROFILE_FILE = "";
				CLANG_WARN_BLOCK_CAPTURE_AUTORELEASING = YES;
				CLANG_WARN_BOOL_CONVERSION = YES;
				CLANG_WARN_COMMA = YES;
				CLANG_WARN_CONSTANT_CONVERSION = YES;
				CLANG_WARN_DEPRECATED_OBJC_IMPLEMENTATIONS = YES;
				CLANG_WARN_DIRECT_OBJC_ISA_USAGE = YES_ERROR;
				CLANG_WARN_DOCUMENTATION_COMMENTS = YES;
				CLANG_WARN_EMPTY_BODY = YES;
				CLANG_WARN_ENUM_CONVERSION = YES;
				CLANG_WARN_INFINITE_RECURSION = YES;
				CLANG_WARN_INT_CONVERSION = YES;
				CLANG_WARN_NON_LITERAL_NULL_CONVERSION = YES;
				CLANG_WARN_OBJC_IMPLICIT_RETAIN_SELF = YES;
				CLANG_WARN_OBJC_LITERAL_CONVERSION = YES;
				CLANG_WARN_OBJC_ROOT_CLASS = YES_ERROR;
				CLANG_WARN_QUOTED_INCLUDE_IN_FRAMEWORK_HEADER = YES;
				CLANG_WARN_RANGE_LOOP_ANALYSIS = YES;
				CLANG_WARN_STRICT_PROTOTYPES = YES;
				CLANG_WARN_SUSPICIOUS_MOVE = YES;
				CLANG_WARN_UNGUARDED_AVAILABILITY = YES_AGGRESSIVE;
				CLANG_WARN_UNREACHABLE_CODE = YES;
				CLANG_WARN__DUPLICATE_METHOD_MATCH = YES;
				COPY_PHASE_STRIP = NO;
				DEBUG_INFORMATION_FORMAT = "dwarf-with-dsym";
				ENABLE_NS_ASSERTIONS = NO;
				ENABLE_STRICT_OBJC_MSGSEND = YES;
				"EXCLUDED_ARCHS[sdk=iphonesimulator*]" = arm64;
				GCC_C_LANGUAGE_STANDARD = gnu11;
				GCC_NO_COMMON_BLOCKS = YES;
				GCC_WARN_64_TO_32_BIT_CONVERSION = YES;
				GCC_WARN_ABOUT_RETURN_TYPE = YES_ERROR;
				GCC_WARN_UNDECLARED_SELECTOR = YES;
				GCC_WARN_UNINITIALIZED_AUTOS = YES_AGGRESSIVE;
				GCC_WARN_UNUSED_FUNCTION = YES;
				GCC_WARN_UNUSED_VARIABLE = YES;
				IPHONEOS_DEPLOYMENT_TARGET = 16.0;
				MTL_ENABLE_DEBUG_INFO = NO;
				MTL_FAST_MATH = YES;
				ONLY_ACTIVE_ARCH = YES;
				SDKROOT = iphoneos;
				SWIFT_COMPILATION_MODE = wholemodule;
				SWIFT_OBJC_BRIDGING_HEADER = "/Users/yerim/Desktop/FutureWheeless-ShareRide/FutureWheeless-ShareRide/KakaoHeader.h";
				SWIFT_OPTIMIZATION_LEVEL = "-O";
				VALIDATE_PRODUCT = YES;
			};
			name = Release;
		};
		C29F5DCB2A98E4B20030C110 /* Debug */ = {
			isa = XCBuildConfiguration;
			buildSettings = {
				ASSETCATALOG_COMPILER_APPICON_NAME = AppIcon;
				ASSETCATALOG_COMPILER_GLOBAL_ACCENT_COLOR_NAME = AccentColor;
				CLANG_ENABLE_OBJC_ARC = NO;
				CODE_SIGN_STYLE = Automatic;
				CURRENT_PROJECT_VERSION = 1;
				DEVELOPMENT_ASSET_PATHS = "\"ShareRide/Preview Content\"";
				DEVELOPMENT_TEAM = F92UQYH2RA;
				ENABLE_PREVIEWS = YES;
				"EXCLUDED_ARCHS[sdk=iphonesimulator*]" = arm64;
				FRAMEWORK_SEARCH_PATHS = (
					"$(inherited)",
					"$(PROJECT_DIR)/ShareRide/DaumMap.embeddedframework",
				);
				GENERATE_INFOPLIST_FILE = YES;
				INFOPLIST_FILE = ShareRide/Info.plist;
				INFOPLIST_KEY_UIApplicationSceneManifest_Generation = YES;
				INFOPLIST_KEY_UIApplicationSupportsIndirectInputEvents = YES;
				INFOPLIST_KEY_UILaunchScreen_Generation = YES;
				INFOPLIST_KEY_UISupportedInterfaceOrientations_iPad = "UIInterfaceOrientationPortrait UIInterfaceOrientationPortraitUpsideDown UIInterfaceOrientationLandscapeLeft UIInterfaceOrientationLandscapeRight";
				INFOPLIST_KEY_UISupportedInterfaceOrientations_iPhone = "UIInterfaceOrientationPortrait UIInterfaceOrientationLandscapeLeft UIInterfaceOrientationLandscapeRight";
				LD_RUNPATH_SEARCH_PATHS = (
					"$(inherited)",
					"@executable_path/Frameworks",
				);
				MARKETING_VERSION = 1.0;
				ONLY_ACTIVE_ARCH = YES;
				PRODUCT_BUNDLE_IDENTIFIER = com.cyndi.ShareRide.azhy;
				PRODUCT_NAME = "$(TARGET_NAME)";
				SWIFT_EMIT_LOC_STRINGS = YES;
				SWIFT_OBJC_BRIDGING_HEADER = "/Users/yerim/Desktop/FutureWheeless-ShareRide/FutureWheeless-ShareRide/KakaoHeader.h";
				SWIFT_VERSION = 5.0;
				TARGETED_DEVICE_FAMILY = "1,2";
			};
			name = Debug;
		};
		C29F5DCC2A98E4B20030C110 /* Release */ = {
			isa = XCBuildConfiguration;
			buildSettings = {
				ASSETCATALOG_COMPILER_APPICON_NAME = AppIcon;
				ASSETCATALOG_COMPILER_GLOBAL_ACCENT_COLOR_NAME = AccentColor;
				CLANG_ENABLE_OBJC_ARC = NO;
				CODE_SIGN_STYLE = Automatic;
				CURRENT_PROJECT_VERSION = 1;
				DEVELOPMENT_ASSET_PATHS = "\"ShareRide/Preview Content\"";
				DEVELOPMENT_TEAM = F92UQYH2RA;
				ENABLE_PREVIEWS = YES;
				EXCLUDED_ARCHS = "";
				"EXCLUDED_ARCHS[sdk=iphonesimulator*]" = arm64;
				FRAMEWORK_SEARCH_PATHS = (
					"$(inherited)",
					"$(PROJECT_DIR)/ShareRide/DaumMap.embeddedframework",
				);
				GENERATE_INFOPLIST_FILE = YES;
				INFOPLIST_FILE = ShareRide/Info.plist;
				INFOPLIST_KEY_UIApplicationSceneManifest_Generation = YES;
				INFOPLIST_KEY_UIApplicationSupportsIndirectInputEvents = YES;
				INFOPLIST_KEY_UILaunchScreen_Generation = YES;
				INFOPLIST_KEY_UISupportedInterfaceOrientations_iPad = "UIInterfaceOrientationPortrait UIInterfaceOrientationPortraitUpsideDown UIInterfaceOrientationLandscapeLeft UIInterfaceOrientationLandscapeRight";
				INFOPLIST_KEY_UISupportedInterfaceOrientations_iPhone = "UIInterfaceOrientationPortrait UIInterfaceOrientationLandscapeLeft UIInterfaceOrientationLandscapeRight";
				LD_RUNPATH_SEARCH_PATHS = (
					"$(inherited)",
					"@executable_path/Frameworks",
				);
				MARKETING_VERSION = 1.0;
				ONLY_ACTIVE_ARCH = YES;
				PRODUCT_BUNDLE_IDENTIFIER = com.cyndi.ShareRide.azhy;
				PRODUCT_NAME = "$(TARGET_NAME)";
				SWIFT_EMIT_LOC_STRINGS = YES;
				SWIFT_OBJC_BRIDGING_HEADER = "/Users/yerim/Desktop/FutureWheeless-ShareRide/FutureWheeless-ShareRide/KakaoHeader.h";
				SWIFT_VERSION = 5.0;
				TARGETED_DEVICE_FAMILY = "1,2";
			};
			name = Release;
		};
/* End XCBuildConfiguration section */

/* Begin XCConfigurationList section */
		C29F5DB72A98E4B00030C110 /* Build configuration list for PBXProject "ShareRide" */ = {
			isa = XCConfigurationList;
			buildConfigurations = (
				C29F5DC82A98E4B20030C110 /* Debug */,
				C29F5DC92A98E4B20030C110 /* Release */,
			);
			defaultConfigurationIsVisible = 0;
			defaultConfigurationName = Release;
		};
		C29F5DCA2A98E4B20030C110 /* Build configuration list for PBXNativeTarget "ShareRide" */ = {
			isa = XCConfigurationList;
			buildConfigurations = (
				C29F5DCB2A98E4B20030C110 /* Debug */,
				C29F5DCC2A98E4B20030C110 /* Release */,
			);
			defaultConfigurationIsVisible = 0;
			defaultConfigurationName = Release;
		};
/* End XCConfigurationList section */

/* Begin XCRemoteSwiftPackageReference section */
		651751962A9D2D7A00838BA5 /* XCRemoteSwiftPackageReference "Alamofire" */ = {
			isa = XCRemoteSwiftPackageReference;
			repositoryURL = "https://github.com/Alamofire/Alamofire";
			requirement = {
				kind = upToNextMajorVersion;
				minimumVersion = 5.0.0;
			};
		};
/* End XCRemoteSwiftPackageReference section */

/* Begin XCSwiftPackageProductDependency section */
		651751972A9D2D7A00838BA5 /* Alamofire */ = {
			isa = XCSwiftPackageProductDependency;
			package = 651751962A9D2D7A00838BA5 /* XCRemoteSwiftPackageReference "Alamofire" */;
			productName = Alamofire;
		};
/* End XCSwiftPackageProductDependency section */
	};
	rootObject = C29F5DB42A98E4B00030C110 /* Project object */;
}
